
Microsoft Visual Studio Solution File, Format Version 12.00
# Visual Studio 15
Project("{FAE04EC0-301F-11D3-BF4B-00C04F79EFBC}") = "MyFavouriteAPI.Tests", "FavouriteAPI.Tests\MyFavouriteAPI.Tests.csproj", "{F14ADFB9-CC7D-4834-9869-CDE1DF59ECC1}"
EndProject
Global
	GlobalSection(SolutionConfigurationPlatforms) = preSolution
		Debug|Any CPU = Debug|Any CPU
		Release|Any CPU = Release|Any CPU
	EndGlobalSection
	GlobalSection(ProjectConfigurationPlatforms) = postSolution
		{F14ADFB9-CC7D-4834-9869-CDE1DF59ECC1}.Debug|Any CPU.ActiveCfg = Debug|Any CPU
		{F14ADFB9-CC7D-4834-9869-CDE1DF59ECC1}.Debug|Any CPU.Build.0 = Debug|Any CPU
		{F14ADFB9-CC7D-4834-9869-CDE1DF59ECC1}.Release|Any CPU.ActiveCfg = Release|Any CPU
		{F14ADFB9-CC7D-4834-9869-CDE1DF59ECC1}.Release|Any CPU.Build.0 = Release|Any CPU
	EndGlobalSection
EndGlobal
